// !$*UTF8*$!
{
	archiveVersion = 1;
	classes = {
	};
	objectVersion = 77;
	objects = {

/* Begin PBXBuildFile section */
		0060DAEDE050E38B3C41D4F2 /* stucco.png in Resources */ = {isa = PBXBuildFile; fileRef = A4BAE6B0B49198BDDB0531B9 /* stucco.png */; };
		01C895AC11F8AFC54FEC2108 /* TracksideArt.swift in Sources */ = {isa = PBXBuildFile; fileRef = 16566062093462B0A1581F20 /* TracksideArt.swift */; };
		0385190F4F1AFB68AE834764 /* Hyper.glb in Resources */ = {isa = PBXBuildFile; fileRef = 3C47F0240A252D56A7B6F506 /* Hyper.glb */; };
		03C094CD4FE428E678504566 /* CityCorner.glb in Resources */ = {isa = PBXBuildFile; fileRef = EFFAB0263EB173BF39452CA8 /* CityCorner.glb */; };
		04E34F24BCF0AD2882EE3139 /* music-city.mp3 in Resources */ = {isa = PBXBuildFile; fileRef = 0FDA87A28850448F0A438590 /* music-city.mp3 */; };
		090EF5A3E203D8F397A9DDAF /* CoastalShrub.glb in Resources */ = {isa = PBXBuildFile; fileRef = 8B4CBA6C3AA8AA0381CBB3F6 /* CoastalShrub.glb */; };
		096E3078BD4DE8FE1CA58B95 /* sky-coast.png in Resources */ = {isa = PBXBuildFile; fileRef = F108D15024F286CD1DBC84E0 /* sky-coast.png */; };
		11DA486258E3D54323A7621D /* grass-roughness.png in Resources */ = {isa = PBXBuildFile; fileRef = 2A3B2761108A5275011D94F3 /* grass-roughness.png */; };
		16E25C2E66B4C0151A8415C9 /* circuit-3.jpg in Resources */ = {isa = PBXBuildFile; fileRef = CE14A7AE3CEC693678A3AC10 /* circuit-3.jpg */; };
		1883B34E910653D9203382EE /* Concept.glb in Resources */ = {isa = PBXBuildFile; fileRef = 266C46FE05BDB958EB4EA2F3 /* Concept.glb */; };
		1A8E727456D5F28FDC084731 /* pine_sapling_small.glb in Resources */ = {isa = PBXBuildFile; fileRef = 4385F91CB40AFA07787A27EE /* pine_sapling_small.glb */; };
		1D6F49EE4BB1CDC1914C1EFC /* circuit-10.jpg in Resources */ = {isa = PBXBuildFile; fileRef = A4E8D2B48F8AF87F45F84EF3 /* circuit-10.jpg */; };
		1F487DDC8DD0701AAA65B7E1 /* stucco-normal.png in Resources */ = {isa = PBXBuildFile; fileRef = FAC562E95FAD02B317D28502 /* stucco-normal.png */; };
		206880275C044C3E1CC78053 /* CoastalPalm.glb in Resources */ = {isa = PBXBuildFile; fileRef = C5F8B401B2DCAEB18CB29CBD /* CoastalPalm.glb */; };
		2234F0C27D1091E12C03348A /* bark-normal.png in Resources */ = {isa = PBXBuildFile; fileRef = DED05F1AC7F62E04053397F0 /* bark-normal.png */; };
		2515E1504DA402CB089EF450 /* showroom-wood-normal.png in Resources */ = {isa = PBXBuildFile; fileRef = 4E095B7584A2F8F8A29F1DD5 /* showroom-wood-normal.png */; };
		27DA524D39367E6B6A265115 /* sky-night.png in Resources */ = {isa = PBXBuildFile; fileRef = 9AB75B24BB4D58F22CFBBDE3 /* sky-night.png */; };
		2DF48A59364626D607A7C6B3 /* AfterlightApp.swift in Sources */ = {isa = PBXBuildFile; fileRef = 8B76445C974F31B48C52AEC5 /* AfterlightApp.swift */; };
		2F084E663DB7313EC56EA7FD /* Sprint.glb in Resources */ = {isa = PBXBuildFile; fileRef = 1C29DA17BAF2FB9FF4971A3F /* Sprint.glb */; };
		32208167F2BC89A57CC4CEF2 /* coast-sky.hdr in Resources */ = {isa = PBXBuildFile; fileRef = A5AEB8EF450498CBD943468C /* coast-sky.hdr */; };
		32C4B6356A05014AB38ACF3A /* circuit-6.jpg in Resources */ = {isa = PBXBuildFile; fileRef = CE600EB00A45A58E183B557E /* circuit-6.jpg */; };
		32DBB573931F32115AF36FBB /* asphalt-art.png in Resources */ = {isa = PBXBuildFile; fileRef = 351E1FD68DD4555BDCA0A332 /* asphalt-art.png */; };
		34B0EB7209A6FF91EE23096C /* CityLandmark.glb in Resources */ = {isa = PBXBuildFile; fileRef = 19DF2380DE676FFC1E79E580 /* CityLandmark.glb */; };
		385173C8FAA4833DD1578CF8 /* Assets.xcassets in Resources */ = {isa = PBXBuildFile; fileRef = FC133CBA11C587F6DFF0E307 /* Assets.xcassets */; };
		385604953D6F3B079C747A28 /* takedown.wav in Resources */ = {isa = PBXBuildFile; fileRef = 38FFAE1BA3DFA0168024208C /* takedown.wav */; };
		38903E508F8DDABAB03CE08B /* CityAC.glb in Resources */ = {isa = PBXBuildFile; fileRef = 4C9E4EF5DDA56AC155345F3D /* CityAC.glb */; };
		394A16D1E6511B349AA78EC1 /* FestivalGarage.asset in Resources */ = {isa = PBXBuildFile; fileRef = 2E4963673709A35011C0CA63 /* FestivalGarage.asset */; };
		3E060E0FC7F3086A58A47892 /* rubber-normal.png in Resources */ = {isa = PBXBuildFile; fileRef = B4634C35DED1721C0320DBBA /* rubber-normal.png */; };
		3EDF172834E574664983C858 /* crew.png in Resources */ = {isa = PBXBuildFile; fileRef = F7DB06AB3592C1CCC54A609D /* crew.png */; };
		3FA49414A1C2A147DB5E37AE /* impact.wav in Resources */ = {isa = PBXBuildFile; fileRef = 99A7E66230A764F90B0593BD /* impact.wav */; };
		43386D55747DE6B052C300ED /* rock-roughness.png in Resources */ = {isa = PBXBuildFile; fileRef = 76F7E7F44075DFB29C9A2A9F /* rock-roughness.png */; };
		44DA5FCD65C5B27089E8F47E /* RivalPickup.asset in Resources */ = {isa = PBXBuildFile; fileRef = F582ECB1DD80906278872207 /* RivalPickup.asset */; };
		4530BB316475EC612DEC55C6 /* asphalt-roughness.png in Resources */ = {isa = PBXBuildFile; fileRef = 5CA84F88B33B107D093491C9 /* asphalt-roughness.png */; };
		454EDA8ABF74847AF1915C52 /* grass-normal.png in Resources */ = {isa = PBXBuildFile; fileRef = DBA6D09DEDCB21B1E1ED5327 /* grass-normal.png */; };
		4823DA9B043D04DA64BFA6A7 /* water-normal.png in Resources */ = {isa = PBXBuildFile; fileRef = ED90CCB8A3BA82D8690EF1B5 /* water-normal.png */; };
		4BD479B2ACE3B52AFE2E4C1E /* studio-light.hdr in Resources */ = {isa = PBXBuildFile; fileRef = 5AF1714CC42D10473C7CFF11 /* studio-light.hdr */; };
		4C3DB4FE3972184AC784915E /* facade-emission.png in Resources */ = {isa = PBXBuildFile; fileRef = 06D3AACD1507B6DD9A746EFB /* facade-emission.png */; };
		50119B345A2D10C7FF95DD7D /* terrain-grass-normal.jpg in Resources */ = {isa = PBXBuildFile; fileRef = 746EB3190EBEB6274D98A674 /* terrain-grass-normal.jpg */; };
		52DBBD8FE53686655F8F828E /* terracotta.jpg in Resources */ = {isa = PBXBuildFile; fileRef = 21EE994BBBC67F08B9BAB2B8 /* terracotta.jpg */; };
		546C900917C51B60C519E185 /* World.swift in Sources */ = {isa = PBXBuildFile; fileRef = CDB001ACA6F4D187C44BB425 /* World.swift */; };
		5A8B9A971079A25A9E7B9506 /* RaceView.swift in Sources */ = {isa = PBXBuildFile; fileRef = 3ADEE60BFAD604876F7E6BC9 /* RaceView.swift */; };
		5CDE78BEBB8DC48D19E61652 /* nitro.wav in Resources */ = {isa = PBXBuildFile; fileRef = D465C622426ADF812551A0C0 /* nitro.wav */; };
		5F3B83835DFB8BEDC670305F /* CityBank.asset in Resources */ = {isa = PBXBuildFile; fileRef = 1EEAC4C78B5BDCF84A3BAB15 /* CityBank.asset */; };
		60BE60BF90FF984D7E183B85 /* island_tree_01.glb in Resources */ = {isa = PBXBuildFile; fileRef = 7ED75DD507C3A274EE4E5831 /* island_tree_01.glb */; };
		625449705078678DE3529013 /* sand-roughness.png in Resources */ = {isa = PBXBuildFile; fileRef = D632F37D209BBA789CD0DBD0 /* sand-roughness.png */; };
		63A8226E04276688AA21CE1F /* music-coast.mp3 in Resources */ = {isa = PBXBuildFile; fileRef = 3B3719A73683743C41E66A25 /* music-coast.mp3 */; };
		65BC43D6DC7A48EE9E714631 /* LuxurySedan.asset in Resources */ = {isa = PBXBuildFile; fileRef = 806F76B47BFF96265044120E /* LuxurySedan.asset */; };
		671D7D15550D03CA814982E2 /* GroundCover.swift in Sources */ = {isa = PBXBuildFile; fileRef = 9D285ADA0426F5D9B9503763 /* GroundCover.swift */; };
		6DDF1483411E88887B6DCEAF /* CityOffice.asset in Resources */ = {isa = PBXBuildFile; fileRef = FA1D857417466CAE822B169A /* CityOffice.asset */; };
		6EFD04F992366702E9ECDC04 /* terracotta-normal.jpg in Resources */ = {isa = PBXBuildFile; fileRef = 59BF7683425EF8FB4EB86832 /* terracotta-normal.jpg */; };
		6F4A61CF9585CC74AF1DA589 /* spark.wav in Resources */ = {isa = PBXBuildFile; fileRef = E98698068EA00776741B1478 /* spark.wav */; };
		710D7B4E74289604122E2446 /* circuit-8.jpg in Resources */ = {isa = PBXBuildFile; fileRef = 1DE76EC3D230C00AB984E804 /* circuit-8.jpg */; };
		72EE0EC4AD51E0783FAD2B1B /* circuit-9.jpg in Resources */ = {isa = PBXBuildFile; fileRef = 94114450FF0A668FC3B6E4FA /* circuit-9.jpg */; };
		7A910D451A0F732A5B15D8E7 /* circuit-7.jpg in Resources */ = {isa = PBXBuildFile; fileRef = 470C0DDD9F43FBDBE07E7BBB /* circuit-7.jpg */; };
		7AA5504A1BD8C6E0D6114757 /* sand.png in Resources */ = {isa = PBXBuildFile; fileRef = 231AC8F2433F29A32E4A1543 /* sand.png */; };
		80988CCA3AA8991448125184 /* RacingScene.swift in Sources */ = {isa = PBXBuildFile; fileRef = 2AE27317ED73D88347CBF2DA /* RacingScene.swift */; };
		811529A69BA169B8ACE5C3FF /* music-menu.mp3 in Resources */ = {isa = PBXBuildFile; fileRef = 4D1B37DB460221B55C9E1055 /* music-menu.mp3 */; };
		821C46D0ED30D784BBAC841F /* GLBAsset.swift in Sources */ = {isa = PBXBuildFile; fileRef = 1DE31FE44126182C1F19BFBE /* GLBAsset.swift */; };
		84E5F7676F2E668251BB92C0 /* JourneyTests.swift in Sources */ = {isa = PBXBuildFile; fileRef = 73568E18F43E4526F3C45272 /* JourneyTests.swift */; };
		85167BE6186C8F0E849A41F9 /* terrain-grass.jpg in Resources */ = {isa = PBXBuildFile; fileRef = FBBE067CC85EBD1CF2D2A383 /* terrain-grass.jpg */; };
		891DD5C4DF6B0198D5E340AE /* TiltSteering.swift in Sources */ = {isa = PBXBuildFile; fileRef = 94520E338EC2CC2ABA7FE701 /* TiltSteering.swift */; };
		89E38DC33BA35824115F1510 /* ridge-rock-roughness.jpg in Resources */ = {isa = PBXBuildFile; fileRef = 74057869D084E925139E97E5 /* ridge-rock-roughness.jpg */; };
		8A29ED4538BF2C3B0BF16CA2 /* EnvironmentArtTests.swift in Sources */ = {isa = PBXBuildFile; fileRef = 1835E9BE33F36C10E8D216FC /* EnvironmentArtTests.swift */; };
		8A514C4CDCAAA2E4DBC72954 /* circuit-19.jpg in Resources */ = {isa = PBXBuildFile; fileRef = 9D6A77A0D2933876F3E5C1F4 /* circuit-19.jpg */; };
		8AB45B925ED21DBAE0D53BB3 /* circuit-14.jpg in Resources */ = {isa = PBXBuildFile; fileRef = E95116C9BFC922A2ED25DC20 /* circuit-14.jpg */; };
		8C6B853762BB4096DA97AF5D /* ConceptGT.asset in Resources */ = {isa = PBXBuildFile; fileRef = C82295147F73832C5D8A86A7 /* ConceptGT.asset */; };
		8C783B81FEFD70ED109AC7D4 /* asphalt-normal.png in Resources */ = {isa = PBXBuildFile; fileRef = FFB1247EEB39222D62EBD29E /* asphalt-normal.png */; };
		8E406DB6AC50E99E8B953667 /* coast-light.hdr in Resources */ = {isa = PBXBuildFile; fileRef = 2EC7DBAB30F5FF3AFC8EE351 /* coast-light.hdr */; };
		8FD4A90851D74AE0023418A5 /* SceneDressing.swift in Sources */ = {isa = PBXBuildFile; fileRef = 1C282CFAD583F91E9D38B485 /* SceneDressing.swift */; };
		934250295A7B2C2730E6E84E /* ArtVault.swift in Sources */ = {isa = PBXBuildFile; fileRef = 06D9519C60E04B3BD0DDE621 /* ArtVault.swift */; };
		97C30B8B0E53361A14C3C7CB /* circuit-0.jpg in Resources */ = {isa = PBXBuildFile; fileRef = F8EDE401C0C9A8F2EAD679BF /* circuit-0.jpg */; };
		9A556033911C41EA2F343862 /* CityApartment.asset in Resources */ = {isa = PBXBuildFile; fileRef = 02432870E6B5BAC3C6BB5418 /* CityApartment.asset */; };
		9CB4BB21BC49D6903B5A72A2 /* PrivacyInfo.xcprivacy in Resources */ = {isa = PBXBuildFile; fileRef = 1F886C469DEF9E0C911709E6 /* PrivacyInfo.xcprivacy */; };
		9DC0E4D718379A99C69A3DAF /* VehicleCollider.swift in Sources */ = {isa = PBXBuildFile; fileRef = FAEB57C333909B963E638AF1 /* VehicleCollider.swift */; };
		9E555E967CDA81953272A683 /* CityPlanter.glb in Resources */ = {isa = PBXBuildFile; fileRef = D737A156BBF4F4C3B64B1774 /* CityPlanter.glb */; };
		9E75B2CD70409355AB27F273 /* RaceStunts.swift in Sources */ = {isa = PBXBuildFile; fileRef = E92DC563E52B4CFCC22A4C00 /* RaceStunts.swift */; };
		A1CC76DF4576BD23E0902DE3 /* bark.png in Resources */ = {isa = PBXBuildFile; fileRef = DAE0C4392E564B8E9A2DF2A2 /* bark.png */; };
		A4EBBD340F91779914A07906 /* circuit-4.jpg in Resources */ = {isa = PBXBuildFile; fileRef = F1E3B19D58F82E05FE537880 /* circuit-4.jpg */; };
		A51B4D40F90DF2E63284549B /* AlpineFir.glb in Resources */ = {isa = PBXBuildFile; fileRef = 342894B7A03E00755BF0EA8C /* AlpineFir.glb */; };
		A783BA0F061C841B3997EB17 /* grass.png in Resources */ = {isa = PBXBuildFile; fileRef = D677A262542FC3290728387D /* grass.png */; };
		AA31D116AE715B144527B13C /* whoosh.wav in Resources */ = {isa = PBXBuildFile; fileRef = E3E6B466A553283E45A573C9 /* whoosh.wav */; };
		AA8080824D732C16501DE0A7 /* MuscleGT.asset in Resources */ = {isa = PBXBuildFile; fileRef = D283848FFF6DE9FBE0CE8F12 /* MuscleGT.asset */; };
		AAD2F00DADC266FCC325CF82 /* coastal_cliff_01.glb in Resources */ = {isa = PBXBuildFile; fileRef = 390DEAE3296BDA7EA83743C0 /* coastal_cliff_01.glb */; };
		AEDB634FD7DDBDB946E61E4C /* terrain-grass-roughness.jpg in Resources */ = {isa = PBXBuildFile; fileRef = F93BF94374718AE81A5308B1 /* terrain-grass-roughness.jpg */; };
		B18DD57D9DC5B076B2E22299 /* SportsCoupe.asset in Resources */ = {isa = PBXBuildFile; fileRef = 6001A2527D703E8704A0292F /* SportsCoupe.asset */; };
		B19BB4D7E27D819FA5C04A5D /* circuit-5.jpg in Resources */ = {isa = PBXBuildFile; fileRef = B3227AB3522A93A00C84B90E /* circuit-5.jpg */; };
		B1C4BF6E7F0C975ACAEA8858 /* land.wav in Resources */ = {isa = PBXBuildFile; fileRef = 4DDC022A08C5048AC7DC0728 /* land.wav */; };
		B36B74CBD60167BA8B067AE1 /* circuit-17.jpg in Resources */ = {isa = PBXBuildFile; fileRef = D1293D347166E28BC73DD4B5 /* circuit-17.jpg */; };
		B4BEFF07B45E4E3F40827E96 /* CityTerrace.asset in Resources */ = {isa = PBXBuildFile; fileRef = F610CF80C5114A542E08A0A1 /* CityTerrace.asset */; };
		B50B5958DAE06183A6161B04 /* carbon-normal.png in Resources */ = {isa = PBXBuildFile; fileRef = EBFE5936D7AD8B5D089A1239 /* carbon-normal.png */; };
		B66743BB3ADE0ED65095A69F /* RaceHUD.swift in Sources */ = {isa = PBXBuildFile; fileRef = 36FDA038ABA7E801D8BBD57E /* RaceHUD.swift */; };
		B7785AF57CF46A74F8B0AFAE /* daylight-sky.hdr in Resources */ = {isa = PBXBuildFile; fileRef = 14110DD6F53F1A2303834B59 /* daylight-sky.hdr */; };
		BBC2A5C3805115E1A8D3F790 /* showroom-wood.png in Resources */ = {isa = PBXBuildFile; fileRef = EA6F9E396FF2DAD6BB0C16D6 /* showroom-wood.png */; };
		BEF8FEB5A8715AE7F2FAE003 /* RouteScenery.swift in Sources */ = {isa = PBXBuildFile; fileRef = 3F4E22BE749137D6E4A437FF /* RouteScenery.swift */; };
		C10DD2E36855A8761E6981E1 /* RoyalPalm.asset in Resources */ = {isa = PBXBuildFile; fileRef = 25950F3A9B68E55E040E8C77 /* RoyalPalm.asset */; };
		C373B17EAAAEE93329C0A7B7 /* circuit-11.jpg in Resources */ = {isa = PBXBuildFile; fileRef = 58A15B9E7F5E4A3F853A1BA4 /* circuit-11.jpg */; };
		C3BC9F8A022023ABD15FDA20 /* circuit-12.jpg in Resources */ = {isa = PBXBuildFile; fileRef = D538088F69B2DD1B59D50229 /* circuit-12.jpg */; };
		C4B62C3D639C551264AF3051 /* LandscapeArt.swift in Sources */ = {isa = PBXBuildFile; fileRef = A0C5FD31C125EABD68559788 /* LandscapeArt.swift */; };
		C506D2961F23D51D7A811079 /* bark-roughness.png in Resources */ = {isa = PBXBuildFile; fileRef = 33EA6800993C532DE7713B9F /* bark-roughness.png */; };
		C6AFB24A06197859484376B4 /* circuit-2.jpg in Resources */ = {isa = PBXBuildFile; fileRef = 0533B9B6FEFE064F3E4D879C /* circuit-2.jpg */; };
		C6E85DF0DF0293F2E54B1AAA /* ridge-rock.jpg in Resources */ = {isa = PBXBuildFile; fileRef = 4CA1BF0CCD2FF6A2C3361199 /* ridge-rock.jpg */; };
		C76A1A3DF0CAA576A2E13EBE /* rock.png in Resources */ = {isa = PBXBuildFile; fileRef = 0B19FE3BDCFF666F2C926E37 /* rock.png */; };
		C810A6A082CCFCE1E45F16F4 /* CarAudio.swift in Sources */ = {isa = PBXBuildFile; fileRef = ED575DCAE51380271A0948F8 /* CarAudio.swift */; };
		CA999A6F5343731CFD6C1C07 /* facade-night.png in Resources */ = {isa = PBXBuildFile; fileRef = 72090579563CA4922B9B29C8 /* facade-night.png */; };
		CD19C47F7F5744FDCC2083B0 /* SceneAtmosphere.swift in Sources */ = {isa = PBXBuildFile; fileRef = BD9BA3DC7C335AFA1888155F /* SceneAtmosphere.swift */; };
		CE5FB4F93F7B4D929C135A62 /* CityMidrise.glb in Resources */ = {isa = PBXBuildFile; fileRef = 2713A6D5559A32E4ACD110CC /* CityMidrise.glb */; };
		D207B91D6369C7950E53CD92 /* music-summit.mp3 in Resources */ = {isa = PBXBuildFile; fileRef = 47AAE49F76842AC677FA74EC /* music-summit.mp3 */; };
		D28180C037B1FB40396F6FDE /* palm-atlas.png in Resources */ = {isa = PBXBuildFile; fileRef = 9FD8FD6E5C7A63458742F4DC /* palm-atlas.png */; };
		D2C63925DC8CE59A4FAD4AC6 /* Roadster.glb in Resources */ = {isa = PBXBuildFile; fileRef = 79D0973030002E0E4287FA0A /* Roadster.glb */; };
		D4C90DEE1172D60D81CC5932 /* ProgressTests.swift in Sources */ = {isa = PBXBuildFile; fileRef = B139EEEFE7EB5E13711FE927 /* ProgressTests.swift */; };
		D52084FABAA9C229DD3F4FAD /* circuit-18.jpg in Resources */ = {isa = PBXBuildFile; fileRef = 8DA1DB25AD0882A37A848769 /* circuit-18.jpg */; };
		D9E773ABC7D0774EB091188F /* ArchitectureArt.swift in Sources */ = {isa = PBXBuildFile; fileRef = 9A17541CAEB462C4CA8EBAA5 /* ArchitectureArt.swift */; };
		DC170E1E36A1D156C36E7354 /* rock-normal.png in Resources */ = {isa = PBXBuildFile; fileRef = FA17B7086BEE99EEDB6C3C75 /* rock-normal.png */; };
		DE54C799EF4933EAAA414E4D /* ridge-rock-normal.jpg in Resources */ = {isa = PBXBuildFile; fileRef = 02F4666A4888FD8DF148D6D4 /* ridge-rock-normal.jpg */; };
		DFA551F0594F88F76196BD2E /* SurfaceLibrary.swift in Sources */ = {isa = PBXBuildFile; fileRef = A8A67240EAC7159778A89AD2 /* SurfaceLibrary.swift */; };
		E0FC05F3084526CE953A09BE /* RaceEffects.swift in Sources */ = {isa = PBXBuildFile; fileRef = 86C5F443EB5B559DFF6CE961 /* RaceEffects.swift */; };
		E7E45986E893C076FB607510 /* rubber.png in Resources */ = {isa = PBXBuildFile; fileRef = 6407763D7CFD3A0B2D7CB7B7 /* rubber.png */; };
		E85E790C01BEC55BAFD69425 /* CityBrick.asset in Resources */ = {isa = PBXBuildFile; fileRef = 4F26A815CE05755707824E79 /* CityBrick.asset */; };
		E883CEBBCCA684056AE96E21 /* circuit-15.jpg in Resources */ = {isa = PBXBuildFile; fileRef = 996E86D64E49740C335420B2 /* circuit-15.jpg */; };
		E97718FA70183082A653A40E /* circuit-16.jpg in Resources */ = {isa = PBXBuildFile; fileRef = 1667F262291B78CE81FBE2EE /* circuit-16.jpg */; };
		EA3463AD26B58C20918A96C8 /* sand-normal.png in Resources */ = {isa = PBXBuildFile; fileRef = D4AFA5FBA0BC81CE27149F30 /* sand-normal.png */; };
		EB501B5D388B3B13AB23172D /* RacingTheme.swift in Sources */ = {isa = PBXBuildFile; fileRef = 40C185D2AE64E7A9F8D5FBB7 /* RacingTheme.swift */; };
		F05E8AFFFF23997FBA1903FC /* music-badlands.mp3 in Resources */ = {isa = PBXBuildFile; fileRef = 1B887C850BC680F6623B143D /* music-badlands.mp3 */; };
		F0C68A25A800C2188FE8313E /* carbon.png in Resources */ = {isa = PBXBuildFile; fileRef = 876C37B033309B2F7D72F8AA /* carbon.png */; };
		F0FB99C6981992AAD3C33B3D /* circuit-1.jpg in Resources */ = {isa = PBXBuildFile; fileRef = E47D79F5B91EE41EED22878C /* circuit-1.jpg */; };
		F3AABDB654D4A02EABF1D905 /* circuit-13.jpg in Resources */ = {isa = PBXBuildFile; fileRef = FDB162CF508A92F6124953AB /* circuit-13.jpg */; };
		F5B34B6D59D826FC94B5581B /* AssetCredits.txt in Resources */ = {isa = PBXBuildFile; fileRef = D5A6D8331CC0635079F0FCA4 /* AssetCredits.txt */; };
		F74809F7D0807C8F22440E79 /* asphalt.png in Resources */ = {isa = PBXBuildFile; fileRef = 331626AB019E55A79537C826 /* asphalt.png */; };
		FA93ABD9F590565EAC4CFA39 /* showroom-wood-roughness.png in Resources */ = {isa = PBXBuildFile; fileRef = 4E77DCF9E617163501C069FD /* showroom-wood-roughness.png */; };
		FDA2870F0B00EB2325CFDAFD /* terracotta-roughness.jpg in Resources */ = {isa = PBXBuildFile; fileRef = 63DD3A7588E6D8145DFCA7EF /* terracotta-roughness.jpg */; };
		FF5206995B44FCF7FB293BC5 /* GeneratedArtKeys.swift in Sources */ = {isa = PBXBuildFile; fileRef = 51931C7D5814E734881A334E /* GeneratedArtKeys.swift */; };
		FF90CDFC89D4F2122DB500C9 /* alloy-normal.png in Resources */ = {isa = PBXBuildFile; fileRef = 6A7499082B353AAB2F52C327 /* alloy-normal.png */; };
/* End PBXBuildFile section */

/* Begin PBXContainerItemProxy section */
		6215F316E04772EAE3B3322E /* PBXContainerItemProxy */ = {
			isa = PBXContainerItemProxy;
			containerPortal = FBAD6F253D2E674BE1BA2ABD /* Project object */;
			proxyType = 1;
			remoteGlobalIDString = DFECBD0D00BD3F1C5006468A;
			remoteInfo = Afterlight;
		};
		676566911D74AA80CABDC308 /* PBXContainerItemProxy */ = {
			isa = PBXContainerItemProxy;
			containerPortal = FBAD6F253D2E674BE1BA2ABD /* Project object */;
			proxyType = 1;
			remoteGlobalIDString = DFECBD0D00BD3F1C5006468A;
			remoteInfo = Afterlight;
		};
/* End PBXContainerItemProxy section */

/* Begin PBXFileReference section */
		02432870E6B5BAC3C6BB5418 /* CityApartment.asset */ = {isa = PBXFileReference; path = CityApartment.asset; sourceTree = "<group>"; };
		02F4666A4888FD8DF148D6D4 /* ridge-rock-normal.jpg */ = {isa = PBXFileReference; lastKnownFileType = image.jpeg; path = "ridge-rock-normal.jpg"; sourceTree = "<group>"; };
		0533B9B6FEFE064F3E4D879C /* circuit-2.jpg */ = {isa = PBXFileReference; lastKnownFileType = image.jpeg; path = "circuit-2.jpg"; sourceTree = "<group>"; };
		06D3AACD1507B6DD9A746EFB /* facade-emission.png */ = {isa = PBXFileReference; lastKnownFileType = image.png; path = "facade-emission.png"; sourceTree = "<group>"; };
		06D9519C60E04B3BD0DDE621 /* ArtVault.swift */ = {isa = PBXFileReference; lastKnownFileType = sourcecode.swift; path = ArtVault.swift; sourceTree = "<group>"; };
		0B19FE3BDCFF666F2C926E37 /* rock.png */ = {isa = PBXFileReference; lastKnownFileType = image.png; path = rock.png; sourceTree = "<group>"; };
		0FDA87A28850448F0A438590 /* music-city.mp3 */ = {isa = PBXFileReference; lastKnownFileType = audio.mp3; path = "music-city.mp3"; sourceTree = "<group>"; };
		14110DD6F53F1A2303834B59 /* daylight-sky.hdr */ = {isa = PBXFileReference; path = "daylight-sky.hdr"; sourceTree = "<group>"; };
		16566062093462B0A1581F20 /* TracksideArt.swift */ = {isa = PBXFileReference; lastKnownFileType = sourcecode.swift; path = TracksideArt.swift; sourceTree = "<group>"; };
		1667F262291B78CE81FBE2EE /* circuit-16.jpg */ = {isa = PBXFileReference; lastKnownFileType = image.jpeg; path = "circuit-16.jpg"; sourceTree = "<group>"; };
		1835E9BE33F36C10E8D216FC /* EnvironmentArtTests.swift */ = {isa = PBXFileReference; lastKnownFileType = sourcecode.swift; path = EnvironmentArtTests.swift; sourceTree = "<group>"; };
		19DF2380DE676FFC1E79E580 /* CityLandmark.glb */ = {isa = PBXFileReference; path = CityLandmark.glb; sourceTree = "<group>"; };
		1B887C850BC680F6623B143D /* music-badlands.mp3 */ = {isa = PBXFileReference; lastKnownFileType = audio.mp3; path = "music-badlands.mp3"; sourceTree = "<group>"; };
		1C282CFAD583F91E9D38B485 /* SceneDressing.swift */ = {isa = PBXFileReference; lastKnownFileType = sourcecode.swift; path = SceneDressing.swift; sourceTree = "<group>"; };
		1C29DA17BAF2FB9FF4971A3F /* Sprint.glb */ = {isa = PBXFileReference; path = Sprint.glb; sourceTree = "<group>"; };
		1DE31FE44126182C1F19BFBE /* GLBAsset.swift */ = {isa = PBXFileReference; lastKnownFileType = sourcecode.swift; path = GLBAsset.swift; sourceTree = "<group>"; };
		1DE76EC3D230C00AB984E804 /* circuit-8.jpg */ = {isa = PBXFileReference; lastKnownFileType = image.jpeg; path = "circuit-8.jpg"; sourceTree = "<group>"; };
		1EEAC4C78B5BDCF84A3BAB15 /* CityBank.asset */ = {isa = PBXFileReference; path = CityBank.asset; sourceTree = "<group>"; };
		1F886C469DEF9E0C911709E6 /* PrivacyInfo.xcprivacy */ = {isa = PBXFileReference; path = PrivacyInfo.xcprivacy; sourceTree = "<group>"; };
		21EE994BBBC67F08B9BAB2B8 /* terracotta.jpg */ = {isa = PBXFileReference; lastKnownFileType = image.jpeg; path = terracotta.jpg; sourceTree = "<group>"; };
		231AC8F2433F29A32E4A1543 /* sand.png */ = {isa = PBXFileReference; lastKnownFileType = image.png; path = sand.png; sourceTree = "<group>"; };
		25950F3A9B68E55E040E8C77 /* RoyalPalm.asset */ = {isa = PBXFileReference; path = RoyalPalm.asset; sourceTree = "<group>"; };
		266C46FE05BDB958EB4EA2F3 /* Concept.glb */ = {isa = PBXFileReference; path = Concept.glb; sourceTree = "<group>"; };
		2713A6D5559A32E4ACD110CC /* CityMidrise.glb */ = {isa = PBXFileReference; path = CityMidrise.glb; sourceTree = "<group>"; };
		2A3B2761108A5275011D94F3 /* grass-roughness.png */ = {isa = PBXFileReference; lastKnownFileType = image.png; path = "grass-roughness.png"; sourceTree = "<group>"; };
		2AE27317ED73D88347CBF2DA /* RacingScene.swift */ = {isa = PBXFileReference; lastKnownFileType = sourcecode.swift; path = RacingScene.swift; sourceTree = "<group>"; };
		2E4963673709A35011C0CA63 /* FestivalGarage.asset */ = {isa = PBXFileReference; path = FestivalGarage.asset; sourceTree = "<group>"; };
		2EC7DBAB30F5FF3AFC8EE351 /* coast-light.hdr */ = {isa = PBXFileReference; path = "coast-light.hdr"; sourceTree = "<group>"; };
		331626AB019E55A79537C826 /* asphalt.png */ = {isa = PBXFileReference; lastKnownFileType = image.png; path = asphalt.png; sourceTree = "<group>"; };
		33EA6800993C532DE7713B9F /* bark-roughness.png */ = {isa = PBXFileReference; lastKnownFileType = image.png; path = "bark-roughness.png"; sourceTree = "<group>"; };
		342894B7A03E00755BF0EA8C /* AlpineFir.glb */ = {isa = PBXFileReference; path = AlpineFir.glb; sourceTree = "<group>"; };
		351E1FD68DD4555BDCA0A332 /* asphalt-art.png */ = {isa = PBXFileReference; lastKnownFileType = image.png; path = "asphalt-art.png"; sourceTree = "<group>"; };
		36FDA038ABA7E801D8BBD57E /* RaceHUD.swift */ = {isa = PBXFileReference; lastKnownFileType = sourcecode.swift; path = RaceHUD.swift; sourceTree = "<group>"; };
		38FFAE1BA3DFA0168024208C /* takedown.wav */ = {isa = PBXFileReference; lastKnownFileType = audio.wav; path = takedown.wav; sourceTree = "<group>"; };
		390DEAE3296BDA7EA83743C0 /* coastal_cliff_01.glb */ = {isa = PBXFileReference; path = coastal_cliff_01.glb; sourceTree = "<group>"; };
		3ADEE60BFAD604876F7E6BC9 /* RaceView.swift */ = {isa = PBXFileReference; lastKnownFileType = sourcecode.swift; path = RaceView.swift; sourceTree = "<group>"; };
		3B3719A73683743C41E66A25 /* music-coast.mp3 */ = {isa = PBXFileReference; lastKnownFileType = audio.mp3; path = "music-coast.mp3"; sourceTree = "<group>"; };
		3C47F0240A252D56A7B6F506 /* Hyper.glb */ = {isa = PBXFileReference; path = Hyper.glb; sourceTree = "<group>"; };
		3F4E22BE749137D6E4A437FF /* RouteScenery.swift */ = {isa = PBXFileReference; lastKnownFileType = sourcecode.swift; path = RouteScenery.swift; sourceTree = "<group>"; };
		40C185D2AE64E7A9F8D5FBB7 /* RacingTheme.swift */ = {isa = PBXFileReference; lastKnownFileType = sourcecode.swift; path = RacingTheme.swift; sourceTree = "<group>"; };
		4385F91CB40AFA07787A27EE /* pine_sapling_small.glb */ = {isa = PBXFileReference; path = pine_sapling_small.glb; sourceTree = "<group>"; };
		470C0DDD9F43FBDBE07E7BBB /* circuit-7.jpg */ = {isa = PBXFileReference; lastKnownFileType = image.jpeg; path = "circuit-7.jpg"; sourceTree = "<group>"; };
		47AAE49F76842AC677FA74EC /* music-summit.mp3 */ = {isa = PBXFileReference; lastKnownFileType = audio.mp3; path = "music-summit.mp3"; sourceTree = "<group>"; };
		4C9E4EF5DDA56AC155345F3D /* CityAC.glb */ = {isa = PBXFileReference; path = CityAC.glb; sourceTree = "<group>"; };
		4CA1BF0CCD2FF6A2C3361199 /* ridge-rock.jpg */ = {isa = PBXFileReference; lastKnownFileType = image.jpeg; path = "ridge-rock.jpg"; sourceTree = "<group>"; };
		4D1B37DB460221B55C9E1055 /* music-menu.mp3 */ = {isa = PBXFileReference; lastKnownFileType = audio.mp3; path = "music-menu.mp3"; sourceTree = "<group>"; };
		4DDC022A08C5048AC7DC0728 /* land.wav */ = {isa = PBXFileReference; lastKnownFileType = audio.wav; path = land.wav; sourceTree = "<group>"; };
		4E095B7584A2F8F8A29F1DD5 /* showroom-wood-normal.png */ = {isa = PBXFileReference; lastKnownFileType = image.png; path = "showroom-wood-normal.png"; sourceTree = "<group>"; };
		4E77DCF9E617163501C069FD /* showroom-wood-roughness.png */ = {isa = PBXFileReference; lastKnownFileType = image.png; path = "showroom-wood-roughness.png"; sourceTree = "<group>"; };
		4F26A815CE05755707824E79 /* CityBrick.asset */ = {isa = PBXFileReference; path = CityBrick.asset; sourceTree = "<group>"; };
		51931C7D5814E734881A334E /* GeneratedArtKeys.swift */ = {isa = PBXFileReference; lastKnownFileType = sourcecode.swift; path = GeneratedArtKeys.swift; sourceTree = "<group>"; };
		58A15B9E7F5E4A3F853A1BA4 /* circuit-11.jpg */ = {isa = PBXFileReference; lastKnownFileType = image.jpeg; path = "circuit-11.jpg"; sourceTree = "<group>"; };
		59BF7683425EF8FB4EB86832 /* terracotta-normal.jpg */ = {isa = PBXFileReference; lastKnownFileType = image.jpeg; path = "terracotta-normal.jpg"; sourceTree = "<group>"; };
		5AF1714CC42D10473C7CFF11 /* studio-light.hdr */ = {isa = PBXFileReference; path = "studio-light.hdr"; sourceTree = "<group>"; };
		5CA84F88B33B107D093491C9 /* asphalt-roughness.png */ = {isa = PBXFileReference; lastKnownFileType = image.png; path = "asphalt-roughness.png"; sourceTree = "<group>"; };
		6001A2527D703E8704A0292F /* SportsCoupe.asset */ = {isa = PBXFileReference; path = SportsCoupe.asset; sourceTree = "<group>"; };
		63DD3A7588E6D8145DFCA7EF /* terracotta-roughness.jpg */ = {isa = PBXFileReference; lastKnownFileType = image.jpeg; path = "terracotta-roughness.jpg"; sourceTree = "<group>"; };
		6407763D7CFD3A0B2D7CB7B7 /* rubber.png */ = {isa = PBXFileReference; lastKnownFileType = image.png; path = rubber.png; sourceTree = "<group>"; };
		6A7499082B353AAB2F52C327 /* alloy-normal.png */ = {isa = PBXFileReference; lastKnownFileType = image.png; path = "alloy-normal.png"; sourceTree = "<group>"; };
		72090579563CA4922B9B29C8 /* facade-night.png */ = {isa = PBXFileReference; lastKnownFileType = image.png; path = "facade-night.png"; sourceTree = "<group>"; };
		73568E18F43E4526F3C45272 /* JourneyTests.swift */ = {isa = PBXFileReference; lastKnownFileType = sourcecode.swift; path = JourneyTests.swift; sourceTree = "<group>"; };
		74057869D084E925139E97E5 /* ridge-rock-roughness.jpg */ = {isa = PBXFileReference; lastKnownFileType = image.jpeg; path = "ridge-rock-roughness.jpg"; sourceTree = "<group>"; };
		746EB3190EBEB6274D98A674 /* terrain-grass-normal.jpg */ = {isa = PBXFileReference; lastKnownFileType = image.jpeg; path = "terrain-grass-normal.jpg"; sourceTree = "<group>"; };
		76F7E7F44075DFB29C9A2A9F /* rock-roughness.png */ = {isa = PBXFileReference; lastKnownFileType = image.png; path = "rock-roughness.png"; sourceTree = "<group>"; };
		79D0973030002E0E4287FA0A /* Roadster.glb */ = {isa = PBXFileReference; path = Roadster.glb; sourceTree = "<group>"; };
		7ED75DD507C3A274EE4E5831 /* island_tree_01.glb */ = {isa = PBXFileReference; path = island_tree_01.glb; sourceTree = "<group>"; };
		806F76B47BFF96265044120E /* LuxurySedan.asset */ = {isa = PBXFileReference; path = LuxurySedan.asset; sourceTree = "<group>"; };
		86C5F443EB5B559DFF6CE961 /* RaceEffects.swift */ = {isa = PBXFileReference; lastKnownFileType = sourcecode.swift; path = RaceEffects.swift; sourceTree = "<group>"; };
		876C37B033309B2F7D72F8AA /* carbon.png */ = {isa = PBXFileReference; lastKnownFileType = image.png; path = carbon.png; sourceTree = "<group>"; };
		8B4CBA6C3AA8AA0381CBB3F6 /* CoastalShrub.glb */ = {isa = PBXFileReference; path = CoastalShrub.glb; sourceTree = "<group>"; };
		8B76445C974F31B48C52AEC5 /* AfterlightApp.swift */ = {isa = PBXFileReference; lastKnownFileType = sourcecode.swift; path = AfterlightApp.swift; sourceTree = "<group>"; };
		8DA1DB25AD0882A37A848769 /* circuit-18.jpg */ = {isa = PBXFileReference; lastKnownFileType = image.jpeg; path = "circuit-18.jpg"; sourceTree = "<group>"; };
		94114450FF0A668FC3B6E4FA /* circuit-9.jpg */ = {isa = PBXFileReference; lastKnownFileType = image.jpeg; path = "circuit-9.jpg"; sourceTree = "<group>"; };
		94520E338EC2CC2ABA7FE701 /* TiltSteering.swift */ = {isa = PBXFileReference; lastKnownFileType = sourcecode.swift; path = TiltSteering.swift; sourceTree = "<group>"; };
		996E86D64E49740C335420B2 /* circuit-15.jpg */ = {isa = PBXFileReference; lastKnownFileType = image.jpeg; path = "circuit-15.jpg"; sourceTree = "<group>"; };
		99A7E66230A764F90B0593BD /* impact.wav */ = {isa = PBXFileReference; lastKnownFileType = audio.wav; path = impact.wav; sourceTree = "<group>"; };
		9A17541CAEB462C4CA8EBAA5 /* ArchitectureArt.swift */ = {isa = PBXFileReference; lastKnownFileType = sourcecode.swift; path = ArchitectureArt.swift; sourceTree = "<group>"; };
		9AB75B24BB4D58F22CFBBDE3 /* sky-night.png */ = {isa = PBXFileReference; lastKnownFileType = image.png; path = "sky-night.png"; sourceTree = "<group>"; };
		9D285ADA0426F5D9B9503763 /* GroundCover.swift */ = {isa = PBXFileReference; lastKnownFileType = sourcecode.swift; path = GroundCover.swift; sourceTree = "<group>"; };
		9D6A77A0D2933876F3E5C1F4 /* circuit-19.jpg */ = {isa = PBXFileReference; lastKnownFileType = image.jpeg; path = "circuit-19.jpg"; sourceTree = "<group>"; };
		9FD8FD6E5C7A63458742F4DC /* palm-atlas.png */ = {isa = PBXFileReference; lastKnownFileType = image.png; path = "palm-atlas.png"; sourceTree = "<group>"; };
		A0C5FD31C125EABD68559788 /* LandscapeArt.swift */ = {isa = PBXFileReference; lastKnownFileType = sourcecode.swift; path = LandscapeArt.swift; sourceTree = "<group>"; };
		A4BAE6B0B49198BDDB0531B9 /* stucco.png */ = {isa = PBXFileReference; lastKnownFileType = image.png; path = stucco.png; sourceTree = "<group>"; };
		A4E8D2B48F8AF87F45F84EF3 /* circuit-10.jpg */ = {isa = PBXFileReference; lastKnownFileType = image.jpeg; path = "circuit-10.jpg"; sourceTree = "<group>"; };
		A4F0530148BAD281C6A5661B /* AfterlightTests.xctest */ = {isa = PBXFileReference; includeInIndex = 0; lastKnownFileType = wrapper.cfbundle; path = AfterlightTests.xctest; sourceTree = BUILT_PRODUCTS_DIR; };
		A5AEB8EF450498CBD943468C /* coast-sky.hdr */ = {isa = PBXFileReference; path = "coast-sky.hdr"; sourceTree = "<group>"; };
		A631B3C61C7CCDFDFF51BE03 /* AfterlightUITests.xctest */ = {isa = PBXFileReference; includeInIndex = 0; lastKnownFileType = wrapper.cfbundle; path = AfterlightUITests.xctest; sourceTree = BUILT_PRODUCTS_DIR; };
		A8A67240EAC7159778A89AD2 /* SurfaceLibrary.swift */ = {isa = PBXFileReference; lastKnownFileType = sourcecode.swift; path = SurfaceLibrary.swift; sourceTree = "<group>"; };
		B139EEEFE7EB5E13711FE927 /* ProgressTests.swift */ = {isa = PBXFileReference; lastKnownFileType = sourcecode.swift; path = ProgressTests.swift; sourceTree = "<group>"; };
		B3227AB3522A93A00C84B90E /* circuit-5.jpg */ = {isa = PBXFileReference; lastKnownFileType = image.jpeg; path = "circuit-5.jpg"; sourceTree = "<group>"; };
		B4634C35DED1721C0320DBBA /* rubber-normal.png */ = {isa = PBXFileReference; lastKnownFileType = image.png; path = "rubber-normal.png"; sourceTree = "<group>"; };
		BD9BA3DC7C335AFA1888155F /* SceneAtmosphere.swift */ = {isa = PBXFileReference; lastKnownFileType = sourcecode.swift; path = SceneAtmosphere.swift; sourceTree = "<group>"; };
		C2C7A93BE7CC9C31847064B8 /* Afterlight.app */ = {isa = PBXFileReference; includeInIndex = 0; lastKnownFileType = wrapper.application; path = Afterlight.app; sourceTree = BUILT_PRODUCTS_DIR; };
		C5F8B401B2DCAEB18CB29CBD /* CoastalPalm.glb */ = {isa = PBXFileReference; path = CoastalPalm.glb; sourceTree = "<group>"; };
		C82295147F73832C5D8A86A7 /* ConceptGT.asset */ = {isa = PBXFileReference; path = ConceptGT.asset; sourceTree = "<group>"; };
		CDB001ACA6F4D187C44BB425 /* World.swift */ = {isa = PBXFileReference; lastKnownFileType = sourcecode.swift; path = World.swift; sourceTree = "<group>"; };
		CE14A7AE3CEC693678A3AC10 /* circuit-3.jpg */ = {isa = PBXFileReference; lastKnownFileType = image.jpeg; path = "circuit-3.jpg"; sourceTree = "<group>"; };
		CE600EB00A45A58E183B557E /* circuit-6.jpg */ = {isa = PBXFileReference; lastKnownFileType = image.jpeg; path = "circuit-6.jpg"; sourceTree = "<group>"; };
		D1293D347166E28BC73DD4B5 /* circuit-17.jpg */ = {isa = PBXFileReference; lastKnownFileType = image.jpeg; path = "circuit-17.jpg"; sourceTree = "<group>"; };
		D283848FFF6DE9FBE0CE8F12 /* MuscleGT.asset */ = {isa = PBXFileReference; path = MuscleGT.asset; sourceTree = "<group>"; };
		D465C622426ADF812551A0C0 /* nitro.wav */ = {isa = PBXFileReference; lastKnownFileType = audio.wav; path = nitro.wav; sourceTree = "<group>"; };
		D4AFA5FBA0BC81CE27149F30 /* sand-normal.png */ = {isa = PBXFileReference; lastKnownFileType = image.png; path = "sand-normal.png"; sourceTree = "<group>"; };
		D538088F69B2DD1B59D50229 /* circuit-12.jpg */ = {isa = PBXFileReference; lastKnownFileType = image.jpeg; path = "circuit-12.jpg"; sourceTree = "<group>"; };
		D5A6D8331CC0635079F0FCA4 /* AssetCredits.txt */ = {isa = PBXFileReference; lastKnownFileType = text; path = AssetCredits.txt; sourceTree = "<group>"; };
		D632F37D209BBA789CD0DBD0 /* sand-roughness.png */ = {isa = PBXFileReference; lastKnownFileType = image.png; path = "sand-roughness.png"; sourceTree = "<group>"; };
		D677A262542FC3290728387D /* grass.png */ = {isa = PBXFileReference; lastKnownFileType = image.png; path = grass.png; sourceTree = "<group>"; };
		D737A156BBF4F4C3B64B1774 /* CityPlanter.glb */ = {isa = PBXFileReference; path = CityPlanter.glb; sourceTree = "<group>"; };
		DAE0C4392E564B8E9A2DF2A2 /* bark.png */ = {isa = PBXFileReference; lastKnownFileType = image.png; path = bark.png; sourceTree = "<group>"; };
		DBA6D09DEDCB21B1E1ED5327 /* grass-normal.png */ = {isa = PBXFileReference; lastKnownFileType = image.png; path = "grass-normal.png"; sourceTree = "<group>"; };
		DED05F1AC7F62E04053397F0 /* bark-normal.png */ = {isa = PBXFileReference; lastKnownFileType = image.png; path = "bark-normal.png"; sourceTree = "<group>"; };
		E3E6B466A553283E45A573C9 /* whoosh.wav */ = {isa = PBXFileReference; lastKnownFileType = audio.wav; path = whoosh.wav; sourceTree = "<group>"; };
		E47D79F5B91EE41EED22878C /* circuit-1.jpg */ = {isa = PBXFileReference; lastKnownFileType = image.jpeg; path = "circuit-1.jpg"; sourceTree = "<group>"; };
		E92DC563E52B4CFCC22A4C00 /* RaceStunts.swift */ = {isa = PBXFileReference; lastKnownFileType = sourcecode.swift; path = RaceStunts.swift; sourceTree = "<group>"; };
		E95116C9BFC922A2ED25DC20 /* circuit-14.jpg */ = {isa = PBXFileReference; lastKnownFileType = image.jpeg; path = "circuit-14.jpg"; sourceTree = "<group>"; };
		E98698068EA00776741B1478 /* spark.wav */ = {isa = PBXFileReference; lastKnownFileType = audio.wav; path = spark.wav; sourceTree = "<group>"; };
		EA6F9E396FF2DAD6BB0C16D6 /* showroom-wood.png */ = {isa = PBXFileReference; lastKnownFileType = image.png; path = "showroom-wood.png"; sourceTree = "<group>"; };
		EBFE5936D7AD8B5D089A1239 /* carbon-normal.png */ = {isa = PBXFileReference; lastKnownFileType = image.png; path = "carbon-normal.png"; sourceTree = "<group>"; };
		ED575DCAE51380271A0948F8 /* CarAudio.swift */ = {isa = PBXFileReference; lastKnownFileType = sourcecode.swift; path = CarAudio.swift; sourceTree = "<group>"; };
		ED90CCB8A3BA82D8690EF1B5 /* water-normal.png */ = {isa = PBXFileReference; lastKnownFileType = image.png; path = "water-normal.png"; sourceTree = "<group>"; };
		EFFAB0263EB173BF39452CA8 /* CityCorner.glb */ = {isa = PBXFileReference; path = CityCorner.glb; sourceTree = "<group>"; };
		F108D15024F286CD1DBC84E0 /* sky-coast.png */ = {isa = PBXFileReference; lastKnownFileType = image.png; path = "sky-coast.png"; sourceTree = "<group>"; };
		F1E3B19D58F82E05FE537880 /* circuit-4.jpg */ = {isa = PBXFileReference; lastKnownFileType = image.jpeg; path = "circuit-4.jpg"; sourceTree = "<group>"; };
		F582ECB1DD80906278872207 /* RivalPickup.asset */ = {isa = PBXFileReference; path = RivalPickup.asset; sourceTree = "<group>"; };
		F610CF80C5114A542E08A0A1 /* CityTerrace.asset */ = {isa = PBXFileReference; path = CityTerrace.asset; sourceTree = "<group>"; };
		F7DB06AB3592C1CCC54A609D /* crew.png */ = {isa = PBXFileReference; lastKnownFileType = image.png; path = crew.png; sourceTree = "<group>"; };
		F8EDE401C0C9A8F2EAD679BF /* circuit-0.jpg */ = {isa = PBXFileReference; lastKnownFileType = image.jpeg; path = "circuit-0.jpg"; sourceTree = "<group>"; };
		F93BF94374718AE81A5308B1 /* terrain-grass-roughness.jpg */ = {isa = PBXFileReference; lastKnownFileType = image.jpeg; path = "terrain-grass-roughness.jpg"; sourceTree = "<group>"; };
		FA17B7086BEE99EEDB6C3C75 /* rock-normal.png */ = {isa = PBXFileReference; lastKnownFileType = image.png; path = "rock-normal.png"; sourceTree = "<group>"; };
		FA1D857417466CAE822B169A /* CityOffice.asset */ = {isa = PBXFileReference; path = CityOffice.asset; sourceTree = "<group>"; };
		FAC562E95FAD02B317D28502 /* stucco-normal.png */ = {isa = PBXFileReference; lastKnownFileType = image.png; path = "stucco-normal.png"; sourceTree = "<group>"; };
		FAEB57C333909B963E638AF1 /* VehicleCollider.swift */ = {isa = PBXFileReference; lastKnownFileType = sourcecode.swift; path = VehicleCollider.swift; sourceTree = "<group>"; };
		FBBE067CC85EBD1CF2D2A383 /* terrain-grass.jpg */ = {isa = PBXFileReference; lastKnownFileType = image.jpeg; path = "terrain-grass.jpg"; sourceTree = "<group>"; };
		FC133CBA11C587F6DFF0E307 /* Assets.xcassets */ = {isa = PBXFileReference; lastKnownFileType = folder.assetcatalog; path = Assets.xcassets; sourceTree = "<group>"; };
		FDB162CF508A92F6124953AB /* circuit-13.jpg */ = {isa = PBXFileReference; lastKnownFileType = image.jpeg; path = "circuit-13.jpg"; sourceTree = "<group>"; };
		FFB1247EEB39222D62EBD29E /* asphalt-normal.png */ = {isa = PBXFileReference; lastKnownFileType = image.png; path = "asphalt-normal.png"; sourceTree = "<group>"; };
/* End PBXFileReference section */

/* Begin PBXGroup section */
		02750770D4EB60A5FD5BF287 /* Resources */ = {
			isa = PBXGroup;
			children = (
				D5A6D8331CC0635079F0FCA4 /* AssetCredits.txt */,
				FC133CBA11C587F6DFF0E307 /* Assets.xcassets */,
				99A7E66230A764F90B0593BD /* impact.wav */,
				4DDC022A08C5048AC7DC0728 /* land.wav */,
				D465C622426ADF812551A0C0 /* nitro.wav */,
				1F886C469DEF9E0C911709E6 /* PrivacyInfo.xcprivacy */,
				E98698068EA00776741B1478 /* spark.wav */,
				38FFAE1BA3DFA0168024208C /* takedown.wav */,
				E3E6B466A553283E45A573C9 /* whoosh.wav */,
				126C76C5425E3340EE4054C9 /* Circuits */,
				B76B5A0EBB9762A717EE4F29 /* Models */,
				EA74A912F0CD0E42EC744DA6 /* Music */,
				32F553F9D6E4CEA68DAA94BB /* Protected */,
				9AB86B155016A7249B19D995 /* Story */,
				34082A4B6E1B583301B888EA /* Textures */,
			);
			path = Resources;
			sourceTree = "<group>";
		};
		126C76C5425E3340EE4054C9 /* Circuits */ = {
			isa = PBXGroup;
			children = (
				F8EDE401C0C9A8F2EAD679BF /* circuit-0.jpg */,
				E47D79F5B91EE41EED22878C /* circuit-1.jpg */,
				0533B9B6FEFE064F3E4D879C /* circuit-2.jpg */,
				CE14A7AE3CEC693678A3AC10 /* circuit-3.jpg */,
				F1E3B19D58F82E05FE537880 /* circuit-4.jpg */,
				B3227AB3522A93A00C84B90E /* circuit-5.jpg */,
				CE600EB00A45A58E183B557E /* circuit-6.jpg */,
				470C0DDD9F43FBDBE07E7BBB /* circuit-7.jpg */,
				1DE76EC3D230C00AB984E804 /* circuit-8.jpg */,
				94114450FF0A668FC3B6E4FA /* circuit-9.jpg */,
				A4E8D2B48F8AF87F45F84EF3 /* circuit-10.jpg */,
				58A15B9E7F5E4A3F853A1BA4 /* circuit-11.jpg */,
				D538088F69B2DD1B59D50229 /* circuit-12.jpg */,
				FDB162CF508A92F6124953AB /* circuit-13.jpg */,
				E95116C9BFC922A2ED25DC20 /* circuit-14.jpg */,
				996E86D64E49740C335420B2 /* circuit-15.jpg */,
				1667F262291B78CE81FBE2EE /* circuit-16.jpg */,
				D1293D347166E28BC73DD4B5 /* circuit-17.jpg */,
				8DA1DB25AD0882A37A848769 /* circuit-18.jpg */,
				9D6A77A0D2933876F3E5C1F4 /* circuit-19.jpg */,
			);
			path = Circuits;
			sourceTree = "<group>";
		};
		1D7146CE19E2158FAF7B69EB /* Sources */ = {
			isa = PBXGroup;
			children = (
				8B76445C974F31B48C52AEC5 /* AfterlightApp.swift */,
				9A17541CAEB462C4CA8EBAA5 /* ArchitectureArt.swift */,
				06D9519C60E04B3BD0DDE621 /* ArtVault.swift */,
				ED575DCAE51380271A0948F8 /* CarAudio.swift */,
				51931C7D5814E734881A334E /* GeneratedArtKeys.swift */,
				1DE31FE44126182C1F19BFBE /* GLBAsset.swift */,
				9D285ADA0426F5D9B9503763 /* GroundCover.swift */,
				A0C5FD31C125EABD68559788 /* LandscapeArt.swift */,
				86C5F443EB5B559DFF6CE961 /* RaceEffects.swift */,
				36FDA038ABA7E801D8BBD57E /* RaceHUD.swift */,
				E92DC563E52B4CFCC22A4C00 /* RaceStunts.swift */,
				3ADEE60BFAD604876F7E6BC9 /* RaceView.swift */,
				2AE27317ED73D88347CBF2DA /* RacingScene.swift */,
				40C185D2AE64E7A9F8D5FBB7 /* RacingTheme.swift */,
				3F4E22BE749137D6E4A437FF /* RouteScenery.swift */,
				BD9BA3DC7C335AFA1888155F /* SceneAtmosphere.swift */,
				1C282CFAD583F91E9D38B485 /* SceneDressing.swift */,
				A8A67240EAC7159778A89AD2 /* SurfaceLibrary.swift */,
				94520E338EC2CC2ABA7FE701 /* TiltSteering.swift */,
				16566062093462B0A1581F20 /* TracksideArt.swift */,
				FAEB57C333909B963E638AF1 /* VehicleCollider.swift */,
				CDB001ACA6F4D187C44BB425 /* World.swift */,
			);
			path = Sources;
			sourceTree = "<group>";
		};
		2575085A7A90F94443A7DA62 /* Products */ = {
			isa = PBXGroup;
			children = (
				C2C7A93BE7CC9C31847064B8 /* Afterlight.app */,
				A4F0530148BAD281C6A5661B /* AfterlightTests.xctest */,
				A631B3C61C7CCDFDFF51BE03 /* AfterlightUITests.xctest */,
			);
			name = Products;
			sourceTree = "<group>";
		};
		2D2660AC754991D61A022467 = {
			isa = PBXGroup;
			children = (
				02750770D4EB60A5FD5BF287 /* Resources */,
				1D7146CE19E2158FAF7B69EB /* Sources */,
				E5611A70DB12E0FDEFE20231 /* Tests */,
				FB217A8748DCA7AC26B192FC /* UITests */,
				2575085A7A90F94443A7DA62 /* Products */,
			);
			sourceTree = "<group>";
		};
		32F553F9D6E4CEA68DAA94BB /* Protected */ = {
			isa = PBXGroup;
			children = (
				02432870E6B5BAC3C6BB5418 /* CityApartment.asset */,
				1EEAC4C78B5BDCF84A3BAB15 /* CityBank.asset */,
				4F26A815CE05755707824E79 /* CityBrick.asset */,
				FA1D857417466CAE822B169A /* CityOffice.asset */,
				F610CF80C5114A542E08A0A1 /* CityTerrace.asset */,
				C82295147F73832C5D8A86A7 /* ConceptGT.asset */,
				2E4963673709A35011C0CA63 /* FestivalGarage.asset */,
				806F76B47BFF96265044120E /* LuxurySedan.asset */,
				D283848FFF6DE9FBE0CE8F12 /* MuscleGT.asset */,
				F582ECB1DD80906278872207 /* RivalPickup.asset */,
				25950F3A9B68E55E040E8C77 /* RoyalPalm.asset */,
				6001A2527D703E8704A0292F /* SportsCoupe.asset */,
			);
			path = Protected;
			sourceTree = "<group>";
		};
		34082A4B6E1B583301B888EA /* Textures */ = {
			isa = PBXGroup;
			children = (
				6A7499082B353AAB2F52C327 /* alloy-normal.png */,
				351E1FD68DD4555BDCA0A332 /* asphalt-art.png */,
				FFB1247EEB39222D62EBD29E /* asphalt-normal.png */,
				5CA84F88B33B107D093491C9 /* asphalt-roughness.png */,
				331626AB019E55A79537C826 /* asphalt.png */,
				DED05F1AC7F62E04053397F0 /* bark-normal.png */,
				33EA6800993C532DE7713B9F /* bark-roughness.png */,
				DAE0C4392E564B8E9A2DF2A2 /* bark.png */,
				EBFE5936D7AD8B5D089A1239 /* carbon-normal.png */,
				876C37B033309B2F7D72F8AA /* carbon.png */,
				2EC7DBAB30F5FF3AFC8EE351 /* coast-light.hdr */,
				A5AEB8EF450498CBD943468C /* coast-sky.hdr */,
				14110DD6F53F1A2303834B59 /* daylight-sky.hdr */,
				06D3AACD1507B6DD9A746EFB /* facade-emission.png */,
				72090579563CA4922B9B29C8 /* facade-night.png */,
				DBA6D09DEDCB21B1E1ED5327 /* grass-normal.png */,
				2A3B2761108A5275011D94F3 /* grass-roughness.png */,
				D677A262542FC3290728387D /* grass.png */,
				9FD8FD6E5C7A63458742F4DC /* palm-atlas.png */,
				02F4666A4888FD8DF148D6D4 /* ridge-rock-normal.jpg */,
				74057869D084E925139E97E5 /* ridge-rock-roughness.jpg */,
				4CA1BF0CCD2FF6A2C3361199 /* ridge-rock.jpg */,
				FA17B7086BEE99EEDB6C3C75 /* rock-normal.png */,
				76F7E7F44075DFB29C9A2A9F /* rock-roughness.png */,
				0B19FE3BDCFF666F2C926E37 /* rock.png */,
				B4634C35DED1721C0320DBBA /* rubber-normal.png */,
				6407763D7CFD3A0B2D7CB7B7 /* rubber.png */,
				D4AFA5FBA0BC81CE27149F30 /* sand-normal.png */,
				D632F37D209BBA789CD0DBD0 /* sand-roughness.png */,
				231AC8F2433F29A32E4A1543 /* sand.png */,
				4E095B7584A2F8F8A29F1DD5 /* showroom-wood-normal.png */,
				4E77DCF9E617163501C069FD /* showroom-wood-roughness.png */,
				EA6F9E396FF2DAD6BB0C16D6 /* showroom-wood.png */,
				F108D15024F286CD1DBC84E0 /* sky-coast.png */,
				9AB75B24BB4D58F22CFBBDE3 /* sky-night.png */,
				FAC562E95FAD02B317D28502 /* stucco-normal.png */,
				A4BAE6B0B49198BDDB0531B9 /* stucco.png */,
				5AF1714CC42D10473C7CFF11 /* studio-light.hdr */,
				59BF7683425EF8FB4EB86832 /* terracotta-normal.jpg */,
				63DD3A7588E6D8145DFCA7EF /* terracotta-roughness.jpg */,
				21EE994BBBC67F08B9BAB2B8 /* terracotta.jpg */,
				746EB3190EBEB6274D98A674 /* terrain-grass-normal.jpg */,
				F93BF94374718AE81A5308B1 /* terrain-grass-roughness.jpg */,
				FBBE067CC85EBD1CF2D2A383 /* terrain-grass.jpg */,
				ED90CCB8A3BA82D8690EF1B5 /* water-normal.png */,
			);
			path = Textures;
			sourceTree = "<group>";
		};
		7930BD6835BAD769D8C13165 /* Concept */ = {
			isa = PBXGroup;
			children = (
				266C46FE05BDB958EB4EA2F3 /* Concept.glb */,
			);
			path = Concept;
			sourceTree = "<group>";
		};
		9AB86B155016A7249B19D995 /* Story */ = {
			isa = PBXGroup;
			children = (
				F7DB06AB3592C1CCC54A609D /* crew.png */,
			);
			path = Story;
			sourceTree = "<group>";
		};
		B76B5A0EBB9762A717EE4F29 /* Models */ = {
			isa = PBXGroup;
			children = (
				342894B7A03E00755BF0EA8C /* AlpineFir.glb */,
				4C9E4EF5DDA56AC155345F3D /* CityAC.glb */,
				EFFAB0263EB173BF39452CA8 /* CityCorner.glb */,
				19DF2380DE676FFC1E79E580 /* CityLandmark.glb */,
				2713A6D5559A32E4ACD110CC /* CityMidrise.glb */,
				D737A156BBF4F4C3B64B1774 /* CityPlanter.glb */,
				390DEAE3296BDA7EA83743C0 /* coastal_cliff_01.glb */,
				C5F8B401B2DCAEB18CB29CBD /* CoastalPalm.glb */,
				8B4CBA6C3AA8AA0381CBB3F6 /* CoastalShrub.glb */,
				3C47F0240A252D56A7B6F506 /* Hyper.glb */,
				7ED75DD507C3A274EE4E5831 /* island_tree_01.glb */,
				4385F91CB40AFA07787A27EE /* pine_sapling_small.glb */,
				79D0973030002E0E4287FA0A /* Roadster.glb */,
				1C29DA17BAF2FB9FF4971A3F /* Sprint.glb */,
				7930BD6835BAD769D8C13165 /* Concept */,
			);
			path = Models;
			sourceTree = "<group>";
		};
		E5611A70DB12E0FDEFE20231 /* Tests */ = {
			isa = PBXGroup;
			children = (
				1835E9BE33F36C10E8D216FC /* EnvironmentArtTests.swift */,
				B139EEEFE7EB5E13711FE927 /* ProgressTests.swift */,
			);
			path = Tests;
			sourceTree = "<group>";
		};
		EA74A912F0CD0E42EC744DA6 /* Music */ = {
			isa = PBXGroup;
			children = (
				1B887C850BC680F6623B143D /* music-badlands.mp3 */,
				0FDA87A28850448F0A438590 /* music-city.mp3 */,
				3B3719A73683743C41E66A25 /* music-coast.mp3 */,
				4D1B37DB460221B55C9E1055 /* music-menu.mp3 */,
				47AAE49F76842AC677FA74EC /* music-summit.mp3 */,
			);
			path = Music;
			sourceTree = "<group>";
		};
		FB217A8748DCA7AC26B192FC /* UITests */ = {
			isa = PBXGroup;
			children = (
				73568E18F43E4526F3C45272 /* JourneyTests.swift */,
			);
			path = UITests;
			sourceTree = "<group>";
		};
/* End PBXGroup section */

/* Begin PBXNativeTarget section */
		78A0FE1E53DA65A03222948B /* AfterlightTests */ = {
			isa = PBXNativeTarget;
			buildConfigurationList = DFCEB0697318576D7AF27FEE /* Build configuration list for PBXNativeTarget "AfterlightTests" */;
			buildPhases = (
				823C976CB5FA7132328CE5C9 /* Sources */,
			);
			buildRules = (
			);
			dependencies = (
				2C9F92636CDC2AADDAF855DA /* PBXTargetDependency */,
			);
			name = AfterlightTests;
			packageProductDependencies = (
			);
			productName = AfterlightTests;
			productReference = A4F0530148BAD281C6A5661B /* AfterlightTests.xctest */;
			productType = "com.apple.product-type.bundle.unit-test";
		};
		7F228E9DCAA5BE6F62157557 /* AfterlightUITests */ = {
			isa = PBXNativeTarget;
			buildConfigurationList = 76855B46E7B019156F82F3D7 /* Build configuration list for PBXNativeTarget "AfterlightUITests" */;
			buildPhases = (
				03CC5C8E0BA5546559B92B21 /* Sources */,
			);
			buildRules = (
			);
			dependencies = (
				FF5D7E7BF2EDBBBE6D6959D8 /* PBXTargetDependency */,
			);
			name = AfterlightUITests;
			packageProductDependencies = (
			);
			productName = AfterlightUITests;
			productReference = A631B3C61C7CCDFDFF51BE03 /* AfterlightUITests.xctest */;
			productType = "com.apple.product-type.bundle.ui-testing";
		};
		DFECBD0D00BD3F1C5006468A /* Afterlight */ = {
			isa = PBXNativeTarget;
			buildConfigurationList = 911D4DB7443A52ADF4BBC8A6 /* Build configuration list for PBXNativeTarget "Afterlight" */;
			buildPhases = (
				ABBDFAB0C3A882D4F9E4215D /* Sources */,
				91AA79142FD983875E559BC9 /* Resources */,
			);
			buildRules = (
			);
			dependencies = (
			);
			name = Afterlight;
			packageProductDependencies = (
			);
			productName = Afterlight;
			productReference = C2C7A93BE7CC9C31847064B8 /* Afterlight.app */;
			productType = "com.apple.product-type.application";
		};
/* End PBXNativeTarget section */

/* Begin PBXProject section */
		FBAD6F253D2E674BE1BA2ABD /* Project object */ = {
			isa = PBXProject;
			attributes = {
				BuildIndependentTargetsInParallel = YES;
				LastUpgradeCheck = 1430;
				TargetAttributes = {
					78A0FE1E53DA65A03222948B = {
						DevelopmentTeam = HBD3XXQK45;
					};
					7F228E9DCAA5BE6F62157557 = {
						DevelopmentTeam = HBD3XXQK45;
						TestTargetID = DFECBD0D00BD3F1C5006468A;
					};
					DFECBD0D00BD3F1C5006468A = {
						DevelopmentTeam = HBD3XXQK45;
					};
				};
			};
			buildConfigurationList = 3F966F535C3FACEAAFA8AB4B /* Build configuration list for PBXProject "Afterlight" */;
			developmentRegion = en;
			hasScannedForEncodings = 0;
			knownRegions = (
				Base,
				en,
			);
			mainGroup = 2D2660AC754991D61A022467;
			minimizedProjectReferenceProxies = 1;
			preferredProjectObjectVersion = 77;
			productRefGroup = 2575085A7A90F94443A7DA62 /* Products */;
			projectDirPath = "";
			projectRoot = "";
			targets = (
				DFECBD0D00BD3F1C5006468A /* Afterlight */,
				78A0FE1E53DA65A03222948B /* AfterlightTests */,
				7F228E9DCAA5BE6F62157557 /* AfterlightUITests */,
			);
		};
/* End PBXProject section */

/* Begin PBXResourcesBuildPhase section */
		91AA79142FD983875E559BC9 /* Resources */ = {
			isa = PBXResourcesBuildPhase;
			buildActionMask = 2147483647;
			files = (
				A51B4D40F90DF2E63284549B /* AlpineFir.glb in Resources */,
				F5B34B6D59D826FC94B5581B /* AssetCredits.txt in Resources */,
				385173C8FAA4833DD1578CF8 /* Assets.xcassets in Resources */,
				38903E508F8DDABAB03CE08B /* CityAC.glb in Resources */,
				9A556033911C41EA2F343862 /* CityApartment.asset in Resources */,
				5F3B83835DFB8BEDC670305F /* CityBank.asset in Resources */,
				E85E790C01BEC55BAFD69425 /* CityBrick.asset in Resources */,
				03C094CD4FE428E678504566 /* CityCorner.glb in Resources */,
				34B0EB7209A6FF91EE23096C /* CityLandmark.glb in Resources */,
				CE5FB4F93F7B4D929C135A62 /* CityMidrise.glb in Resources */,
				6DDF1483411E88887B6DCEAF /* CityOffice.asset in Resources */,
				9E555E967CDA81953272A683 /* CityPlanter.glb in Resources */,
				B4BEFF07B45E4E3F40827E96 /* CityTerrace.asset in Resources */,
				206880275C044C3E1CC78053 /* CoastalPalm.glb in Resources */,
				090EF5A3E203D8F397A9DDAF /* CoastalShrub.glb in Resources */,
				1883B34E910653D9203382EE /* Concept.glb in Resources */,
				8C6B853762BB4096DA97AF5D /* ConceptGT.asset in Resources */,
				394A16D1E6511B349AA78EC1 /* FestivalGarage.asset in Resources */,
				0385190F4F1AFB68AE834764 /* Hyper.glb in Resources */,
				65BC43D6DC7A48EE9E714631 /* LuxurySedan.asset in Resources */,
				AA8080824D732C16501DE0A7 /* MuscleGT.asset in Resources */,
				9CB4BB21BC49D6903B5A72A2 /* PrivacyInfo.xcprivacy in Resources */,
				44DA5FCD65C5B27089E8F47E /* RivalPickup.asset in Resources */,
				D2C63925DC8CE59A4FAD4AC6 /* Roadster.glb in Resources */,
				C10DD2E36855A8761E6981E1 /* RoyalPalm.asset in Resources */,
				B18DD57D9DC5B076B2E22299 /* SportsCoupe.asset in Resources */,
				2F084E663DB7313EC56EA7FD /* Sprint.glb in Resources */,
				FF90CDFC89D4F2122DB500C9 /* alloy-normal.png in Resources */,
				32DBB573931F32115AF36FBB /* asphalt-art.png in Resources */,
				8C783B81FEFD70ED109AC7D4 /* asphalt-normal.png in Resources */,
				4530BB316475EC612DEC55C6 /* asphalt-roughness.png in Resources */,
				F74809F7D0807C8F22440E79 /* asphalt.png in Resources */,
				2234F0C27D1091E12C03348A /* bark-normal.png in Resources */,
				C506D2961F23D51D7A811079 /* bark-roughness.png in Resources */,
				A1CC76DF4576BD23E0902DE3 /* bark.png in Resources */,
				B50B5958DAE06183A6161B04 /* carbon-normal.png in Resources */,
				F0C68A25A800C2188FE8313E /* carbon.png in Resources */,
				97C30B8B0E53361A14C3C7CB /* circuit-0.jpg in Resources */,
				F0FB99C6981992AAD3C33B3D /* circuit-1.jpg in Resources */,
				1D6F49EE4BB1CDC1914C1EFC /* circuit-10.jpg in Resources */,
				C373B17EAAAEE93329C0A7B7 /* circuit-11.jpg in Resources */,
				C3BC9F8A022023ABD15FDA20 /* circuit-12.jpg in Resources */,
				F3AABDB654D4A02EABF1D905 /* circuit-13.jpg in Resources */,
				8AB45B925ED21DBAE0D53BB3 /* circuit-14.jpg in Resources */,
				E883CEBBCCA684056AE96E21 /* circuit-15.jpg in Resources */,
				E97718FA70183082A653A40E /* circuit-16.jpg in Resources */,
				B36B74CBD60167BA8B067AE1 /* circuit-17.jpg in Resources */,
				D52084FABAA9C229DD3F4FAD /* circuit-18.jpg in Resources */,
				8A514C4CDCAAA2E4DBC72954 /* circuit-19.jpg in Resources */,
				C6AFB24A06197859484376B4 /* circuit-2.jpg in Resources */,
				16E25C2E66B4C0151A8415C9 /* circuit-3.jpg in Resources */,
				A4EBBD340F91779914A07906 /* circuit-4.jpg in Resources */,
				B19BB4D7E27D819FA5C04A5D /* circuit-5.jpg in Resources */,
				32C4B6356A05014AB38ACF3A /* circuit-6.jpg in Resources */,
				7A910D451A0F732A5B15D8E7 /* circuit-7.jpg in Resources */,
				710D7B4E74289604122E2446 /* circuit-8.jpg in Resources */,
				72EE0EC4AD51E0783FAD2B1B /* circuit-9.jpg in Resources */,
				8E406DB6AC50E99E8B953667 /* coast-light.hdr in Resources */,
				32208167F2BC89A57CC4CEF2 /* coast-sky.hdr in Resources */,
				AAD2F00DADC266FCC325CF82 /* coastal_cliff_01.glb in Resources */,
				3EDF172834E574664983C858 /* crew.png in Resources */,
				B7785AF57CF46A74F8B0AFAE /* daylight-sky.hdr in Resources */,
				4C3DB4FE3972184AC784915E /* facade-emission.png in Resources */,
				CA999A6F5343731CFD6C1C07 /* facade-night.png in Resources */,
				454EDA8ABF74847AF1915C52 /* grass-normal.png in Resources */,
				11DA486258E3D54323A7621D /* grass-roughness.png in Resources */,
				A783BA0F061C841B3997EB17 /* grass.png in Resources */,
				3FA49414A1C2A147DB5E37AE /* impact.wav in Resources */,
				60BE60BF90FF984D7E183B85 /* island_tree_01.glb in Resources */,
				B1C4BF6E7F0C975ACAEA8858 /* land.wav in Resources */,
				F05E8AFFFF23997FBA1903FC /* music-badlands.mp3 in Resources */,
				04E34F24BCF0AD2882EE3139 /* music-city.mp3 in Resources */,
				63A8226E04276688AA21CE1F /* music-coast.mp3 in Resources */,
				811529A69BA169B8ACE5C3FF /* music-menu.mp3 in Resources */,
				D207B91D6369C7950E53CD92 /* music-summit.mp3 in Resources */,
				5CDE78BEBB8DC48D19E61652 /* nitro.wav in Resources */,
				D28180C037B1FB40396F6FDE /* palm-atlas.png in Resources */,
				1A8E727456D5F28FDC084731 /* pine_sapling_small.glb in Resources */,
				DE54C799EF4933EAAA414E4D /* ridge-rock-normal.jpg in Resources */,
				89E38DC33BA35824115F1510 /* ridge-rock-roughness.jpg in Resources */,
				C6E85DF0DF0293F2E54B1AAA /* ridge-rock.jpg in Resources */,
				DC170E1E36A1D156C36E7354 /* rock-normal.png in Resources */,
				43386D55747DE6B052C300ED /* rock-roughness.png in Resources */,
				C76A1A3DF0CAA576A2E13EBE /* rock.png in Resources */,
				3E060E0FC7F3086A58A47892 /* rubber-normal.png in Resources */,
				E7E45986E893C076FB607510 /* rubber.png in Resources */,
				EA3463AD26B58C20918A96C8 /* sand-normal.png in Resources */,
				625449705078678DE3529013 /* sand-roughness.png in Resources */,
				7AA5504A1BD8C6E0D6114757 /* sand.png in Resources */,
				2515E1504DA402CB089EF450 /* showroom-wood-normal.png in Resources */,
				FA93ABD9F590565EAC4CFA39 /* showroom-wood-roughness.png in Resources */,
				BBC2A5C3805115E1A8D3F790 /* showroom-wood.png in Resources */,
				096E3078BD4DE8FE1CA58B95 /* sky-coast.png in Resources */,
				27DA524D39367E6B6A265115 /* sky-night.png in Resources */,
				6F4A61CF9585CC74AF1DA589 /* spark.wav in Resources */,
				1F487DDC8DD0701AAA65B7E1 /* stucco-normal.png in Resources */,
				0060DAEDE050E38B3C41D4F2 /* stucco.png in Resources */,
				4BD479B2ACE3B52AFE2E4C1E /* studio-light.hdr in Resources */,
				385604953D6F3B079C747A28 /* takedown.wav in Resources */,
				6EFD04F992366702E9ECDC04 /* terracotta-normal.jpg in Resources */,
				FDA2870F0B00EB2325CFDAFD /* terracotta-roughness.jpg in Resources */,
				52DBBD8FE53686655F8F828E /* terracotta.jpg in Resources */,
				50119B345A2D10C7FF95DD7D /* terrain-grass-normal.jpg in Resources */,
				AEDB634FD7DDBDB946E61E4C /* terrain-grass-roughness.jpg in Resources */,
				85167BE6186C8F0E849A41F9 /* terrain-grass.jpg in Resources */,
				4823DA9B043D04DA64BFA6A7 /* water-normal.png in Resources */,
				AA31D116AE715B144527B13C /* whoosh.wav in Resources */,
			);
			runOnlyForDeploymentPostprocessing = 0;
		};
/* End PBXResourcesBuildPhase section */

/* Begin PBXSourcesBuildPhase section */
		03CC5C8E0BA5546559B92B21 /* Sources */ = {
			isa = PBXSourcesBuildPhase;
			buildActionMask = 2147483647;
			files = (
				84E5F7676F2E668251BB92C0 /* JourneyTests.swift in Sources */,
			);
			runOnlyForDeploymentPostprocessing = 0;
		};
		823C976CB5FA7132328CE5C9 /* Sources */ = {
			isa = PBXSourcesBuildPhase;
			buildActionMask = 2147483647;
			files = (
				8A29ED4538BF2C3B0BF16CA2 /* EnvironmentArtTests.swift in Sources */,
				D4C90DEE1172D60D81CC5932 /* ProgressTests.swift in Sources */,
			);
			runOnlyForDeploymentPostprocessing = 0;
		};
		ABBDFAB0C3A882D4F9E4215D /* Sources */ = {
			isa = PBXSourcesBuildPhase;
			buildActionMask = 2147483647;
			files = (
				2DF48A59364626D607A7C6B3 /* AfterlightApp.swift in Sources */,
				D9E773ABC7D0774EB091188F /* ArchitectureArt.swift in Sources */,
				934250295A7B2C2730E6E84E /* ArtVault.swift in Sources */,
				C810A6A082CCFCE1E45F16F4 /* CarAudio.swift in Sources */,
				821C46D0ED30D784BBAC841F /* GLBAsset.swift in Sources */,
				FF5206995B44FCF7FB293BC5 /* GeneratedArtKeys.swift in Sources */,
				671D7D15550D03CA814982E2 /* GroundCover.swift in Sources */,
				C4B62C3D639C551264AF3051 /* LandscapeArt.swift in Sources */,
				E0FC05F3084526CE953A09BE /* RaceEffects.swift in Sources */,
				B66743BB3ADE0ED65095A69F /* RaceHUD.swift in Sources */,
				9E75B2CD70409355AB27F273 /* RaceStunts.swift in Sources */,
				5A8B9A971079A25A9E7B9506 /* RaceView.swift in Sources */,
				80988CCA3AA8991448125184 /* RacingScene.swift in Sources */,
				EB501B5D388B3B13AB23172D /* RacingTheme.swift in Sources */,
				BEF8FEB5A8715AE7F2FAE003 /* RouteScenery.swift in Sources */,
				CD19C47F7F5744FDCC2083B0 /* SceneAtmosphere.swift in Sources */,
				8FD4A90851D74AE0023418A5 /* SceneDressing.swift in Sources */,
				DFA551F0594F88F76196BD2E /* SurfaceLibrary.swift in Sources */,
				891DD5C4DF6B0198D5E340AE /* TiltSteering.swift in Sources */,
				01C895AC11F8AFC54FEC2108 /* TracksideArt.swift in Sources */,
				9DC0E4D718379A99C69A3DAF /* VehicleCollider.swift in Sources */,
				546C900917C51B60C519E185 /* World.swift in Sources */,
			);
			runOnlyForDeploymentPostprocessing = 0;
		};
/* End PBXSourcesBuildPhase section */

/* Begin PBXTargetDependency section */
		2C9F92636CDC2AADDAF855DA /* PBXTargetDependency */ = {
			isa = PBXTargetDependency;
			target = DFECBD0D00BD3F1C5006468A /* Afterlight */;
			targetProxy = 676566911D74AA80CABDC308 /* PBXContainerItemProxy */;
		};
		FF5D7E7BF2EDBBBE6D6959D8 /* PBXTargetDependency */ = {
			isa = PBXTargetDependency;
			target = DFECBD0D00BD3F1C5006468A /* Afterlight */;
			targetProxy = 6215F316E04772EAE3B3322E /* PBXContainerItemProxy */;
		};
/* End PBXTargetDependency section */

/* Begin XCBuildConfiguration section */
		0064E1C375FE6141920E27DC /* Release */ = {
			isa = XCBuildConfiguration;
			buildSettings = {
				BUNDLE_LOADER = "$(TEST_HOST)";
				GENERATE_INFOPLIST_FILE = YES;
				LD_RUNPATH_SEARCH_PATHS = (
					"$(inherited)",
					"@executable_path/Frameworks",
					"@loader_path/Frameworks",
				);
				PRODUCT_BUNDLE_IDENTIFIER = com.oanarinaldi.AfterlightTests;
				SDKROOT = iphoneos;
				TARGETED_DEVICE_FAMILY = "1,2";
				TEST_HOST = "$(BUILT_PRODUCTS_DIR)/Afterlight.app/Afterlight";
			};
			name = Release;
		};
		05D6BB02F094E70EBA843B19 /* Release */ = {
			isa = XCBuildConfiguration;
			buildSettings = {
				ASSETCATALOG_COMPILER_APPICON_NAME = AppIcon;
				CODE_SIGN_IDENTITY = "iPhone Developer";
				INFOPLIST_FILE = Info.plist;
				LD_RUNPATH_SEARCH_PATHS = (
					"$(inherited)",
					"@executable_path/Frameworks",
				);
				PRODUCT_BUNDLE_IDENTIFIER = com.oanarinaldi.afterlight;
				SDKROOT = iphoneos;
				TARGETED_DEVICE_FAMILY = "1,2";
			};
			name = Release;
		};
		236E807DE356CA80EE8F350A /* Debug */ = {
			isa = XCBuildConfiguration;
			buildSettings = {
				BUNDLE_LOADER = "$(TEST_HOST)";
				GENERATE_INFOPLIST_FILE = YES;
				LD_RUNPATH_SEARCH_PATHS = (
					"$(inherited)",
					"@executable_path/Frameworks",
					"@loader_path/Frameworks",
				);
				PRODUCT_BUNDLE_IDENTIFIER = com.oanarinaldi.AfterlightUITests;
				SDKROOT = iphoneos;
				TARGETED_DEVICE_FAMILY = "1,2";
				TEST_TARGET_NAME = Afterlight;
			};
			name = Debug;
		};
		644865F97519A821E800EDEE /* Release */ = {
			isa = XCBuildConfiguration;
			buildSettings = {
				ALWAYS_SEARCH_USER_PATHS = NO;
				CLANG_ANALYZER_NONNULL = YES;
				CLANG_ANALYZER_NUMBER_OBJECT_CONVERSION = YES_AGGRESSIVE;
				CLANG_CXX_LANGUAGE_STANDARD = "gnu++14";
				CLANG_CXX_LIBRARY = "libc++";
				CLANG_ENABLE_MODULES = YES;
				CLANG_ENABLE_OBJC_ARC = YES;
				CLANG_ENABLE_OBJC_WEAK = YES;
				CLANG_WARN_BLOCK_CAPTURE_AUTORELEASING = YES;
				CLANG_WARN_BOOL_CONVERSION = YES;
				CLANG_WARN_COMMA = YES;
				CLANG_WARN_CONSTANT_CONVERSION = YES;
				CLANG_WARN_DEPRECATED_OBJC_IMPLEMENTATIONS = YES;
				CLANG_WARN_DIRECT_OBJC_ISA_USAGE = YES_ERROR;
				CLANG_WARN_DOCUMENTATION_COMMENTS = YES;
				CLANG_WARN_EMPTY_BODY = YES;
				CLANG_WARN_ENUM_CONVERSION = YES;
				CLANG_WARN_INFINITE_RECURSION = YES;
				CLANG_WARN_INT_CONVERSION = YES;
				CLANG_WARN_NON_LITERAL_NULL_CONVERSION = YES;
				CLANG_WARN_OBJC_IMPLICIT_RETAIN_SELF = YES;
				CLANG_WARN_OBJC_LITERAL_CONVERSION = YES;
				CLANG_WARN_OBJC_ROOT_CLASS = YES_ERROR;
				CLANG_WARN_QUOTED_INCLUDE_IN_FRAMEWORK_HEADER = YES;
				CLANG_WARN_RANGE_LOOP_ANALYSIS = YES;
				CLANG_WARN_STRICT_PROTOTYPES = YES;
				CLANG_WARN_SUSPICIOUS_MOVE = YES;
				CLANG_WARN_UNGUARDED_AVAILABILITY = YES_AGGRESSIVE;
				CLANG_WARN_UNREACHABLE_CODE = YES;
				CLANG_WARN__DUPLICATE_METHOD_MATCH = YES;
				COPY_PHASE_STRIP = NO;
				CURRENT_PROJECT_VERSION = 20;
				DEBUG_INFORMATION_FORMAT = "dwarf-with-dsym";
				DEVELOPMENT_TEAM = HBD3XXQK45;
				ENABLE_NS_ASSERTIONS = NO;
				ENABLE_STRICT_OBJC_MSGSEND = YES;
				GCC_C_LANGUAGE_STANDARD = gnu11;
				GCC_NO_COMMON_BLOCKS = YES;
				GCC_WARN_64_TO_32_BIT_CONVERSION = YES;
				GCC_WARN_ABOUT_RETURN_TYPE = YES_ERROR;
				GCC_WARN_UNDECLARED_SELECTOR = YES;
				GCC_WARN_UNINITIALIZED_AUTOS = YES_AGGRESSIVE;
				GCC_WARN_UNUSED_FUNCTION = YES;
				GCC_WARN_UNUSED_VARIABLE = YES;
				IPHONEOS_DEPLOYMENT_TARGET = 17.0;
				MARKETING_VERSION = 1.0.0;
				MTL_ENABLE_DEBUG_INFO = NO;
				MTL_FAST_MATH = YES;
				PRODUCT_NAME = "$(TARGET_NAME)";
				SDKROOT = iphoneos;
				SWIFT_COMPILATION_MODE = wholemodule;
				SWIFT_OPTIMIZATION_LEVEL = "-O";
				SWIFT_VERSION = 5.0;
			};
			name = Release;
		};
		749691D2A177E94945230F8E /* Debug */ = {
			isa = XCBuildConfiguration;
			buildSettings = {
				BUNDLE_LOADER = "$(TEST_HOST)";
				GENERATE_INFOPLIST_FILE = YES;
				LD_RUNPATH_SEARCH_PATHS = (
					"$(inherited)",
					"@executable_path/Frameworks",
					"@loader_path/Frameworks",
				);
				PRODUCT_BUNDLE_IDENTIFIER = com.oanarinaldi.AfterlightTests;
				SDKROOT = iphoneos;
				TARGETED_DEVICE_FAMILY = "1,2";
				TEST_HOST = "$(BUILT_PRODUCTS_DIR)/Afterlight.app/Afterlight";
			};
			name = Debug;
		};
		9BB2174724790EC12981C83C /* Debug */ = {
			isa = XCBuildConfiguration;
			buildSettings = {
				ALWAYS_SEARCH_USER_PATHS = NO;
				CLANG_ANALYZER_NONNULL = YES;
				CLANG_ANALYZER_NUMBER_OBJECT_CONVERSION = YES_AGGRESSIVE;
				CLANG_CXX_LANGUAGE_STANDARD = "gnu++14";
				CLANG_CXX_LIBRARY = "libc++";
				CLANG_ENABLE_MODULES = YES;
				CLANG_ENABLE_OBJC_ARC = YES;
				CLANG_ENABLE_OBJC_WEAK = YES;
				CLANG_WARN_BLOCK_CAPTURE_AUTORELEASING = YES;
				CLANG_WARN_BOOL_CONVERSION = YES;
				CLANG_WARN_COMMA = YES;
				CLANG_WARN_CONSTANT_CONVERSION = YES;
				CLANG_WARN_DEPRECATED_OBJC_IMPLEMENTATIONS = YES;
				CLANG_WARN_DIRECT_OBJC_ISA_USAGE = YES_ERROR;
				CLANG_WARN_DOCUMENTATION_COMMENTS = YES;
				CLANG_WARN_EMPTY_BODY = YES;
				CLANG_WARN_ENUM_CONVERSION = YES;
				CLANG_WARN_INFINITE_RECURSION = YES;
				CLANG_WARN_INT_CONVERSION = YES;
				CLANG_WARN_NON_LITERAL_NULL_CONVERSION = YES;
				CLANG_WARN_OBJC_IMPLICIT_RETAIN_SELF = YES;
				CLANG_WARN_OBJC_LITERAL_CONVERSION = YES;
				CLANG_WARN_OBJC_ROOT_CLASS = YES_ERROR;
				CLANG_WARN_QUOTED_INCLUDE_IN_FRAMEWORK_HEADER = YES;
				CLANG_WARN_RANGE_LOOP_ANALYSIS = YES;
				CLANG_WARN_STRICT_PROTOTYPES = YES;
				CLANG_WARN_SUSPICIOUS_MOVE = YES;
				CLANG_WARN_UNGUARDED_AVAILABILITY = YES_AGGRESSIVE;
				CLANG_WARN_UNREACHABLE_CODE = YES;
				CLANG_WARN__DUPLICATE_METHOD_MATCH = YES;
				COPY_PHASE_STRIP = NO;
				CURRENT_PROJECT_VERSION = 20;
				DEBUG_INFORMATION_FORMAT = dwarf;
				DEVELOPMENT_TEAM = HBD3XXQK45;
				ENABLE_STRICT_OBJC_MSGSEND = YES;
				ENABLE_TESTABILITY = YES;
				GCC_C_LANGUAGE_STANDARD = gnu11;
				GCC_DYNAMIC_NO_PIC = NO;
				GCC_NO_COMMON_BLOCKS = YES;
				GCC_OPTIMIZATION_LEVEL = 0;
				GCC_PREPROCESSOR_DEFINITIONS = (
					"$(inherited)",
					"DEBUG=1",
				);
				GCC_WARN_64_TO_32_BIT_CONVERSION = YES;
				GCC_WARN_ABOUT_RETURN_TYPE = YES_ERROR;
				GCC_WARN_UNDECLARED_SELECTOR = YES;
				GCC_WARN_UNINITIALIZED_AUTOS = YES_AGGRESSIVE;
				GCC_WARN_UNUSED_FUNCTION = YES;
				GCC_WARN_UNUSED_VARIABLE = YES;
				IPHONEOS_DEPLOYMENT_TARGET = 17.0;
				MARKETING_VERSION = 1.0.0;
				MTL_ENABLE_DEBUG_INFO = INCLUDE_SOURCE;
				MTL_FAST_MATH = YES;
				ONLY_ACTIVE_ARCH = YES;
				PRODUCT_NAME = "$(TARGET_NAME)";
				SDKROOT = iphoneos;
				SWIFT_ACTIVE_COMPILATION_CONDITIONS = DEBUG;
				SWIFT_OPTIMIZATION_LEVEL = "-Onone";
				SWIFT_VERSION = 5.0;
			};
			name = Debug;
		};
		9CA5FB282393F2FFDB8606ED /* Debug */ = {
			isa = XCBuildConfiguration;
			buildSettings = {
				ASSETCATALOG_COMPILER_APPICON_NAME = AppIcon;
				CODE_SIGN_IDENTITY = "iPhone Developer";
				INFOPLIST_FILE = Info.plist;
				LD_RUNPATH_SEARCH_PATHS = (
					"$(inherited)",
					"@executable_path/Frameworks",
				);
				PRODUCT_BUNDLE_IDENTIFIER = com.oanarinaldi.afterlight;
				SDKROOT = iphoneos;
				TARGETED_DEVICE_FAMILY = "1,2";
			};
			name = Debug;
		};
		EF361C9312DA4F6429A8749D /* Release */ = {
			isa = XCBuildConfiguration;
			buildSettings = {
				BUNDLE_LOADER = "$(TEST_HOST)";
				GENERATE_INFOPLIST_FILE = YES;
				LD_RUNPATH_SEARCH_PATHS = (
					"$(inherited)",
					"@executable_path/Frameworks",
					"@loader_path/Frameworks",
				);
				PRODUCT_BUNDLE_IDENTIFIER = com.oanarinaldi.AfterlightUITests;
				SDKROOT = iphoneos;
				TARGETED_DEVICE_FAMILY = "1,2";
				TEST_TARGET_NAME = Afterlight;
			};
			name = Release;
		};
/* End XCBuildConfiguration section */

/* Begin XCConfigurationList section */
		3F966F535C3FACEAAFA8AB4B /* Build configuration list for PBXProject "Afterlight" */ = {
			isa = XCConfigurationList;
			buildConfigurations = (
				9BB2174724790EC12981C83C /* Debug */,
				644865F97519A821E800EDEE /* Release */,
			);
			defaultConfigurationIsVisible = 0;
			defaultConfigurationName = Debug;
		};
		76855B46E7B019156F82F3D7 /* Build configuration list for PBXNativeTarget "AfterlightUITests" */ = {
			isa = XCConfigurationList;
			buildConfigurations = (
				236E807DE356CA80EE8F350A /* Debug */,
				EF361C9312DA4F6429A8749D /* Release */,
			);
			defaultConfigurationIsVisible = 0;
			defaultConfigurationName = Debug;
		};
		911D4DB7443A52ADF4BBC8A6 /* Build configuration list for PBXNativeTarget "Afterlight" */ = {
			isa = XCConfigurationList;
			buildConfigurations = (
				9CA5FB282393F2FFDB8606ED /* Debug */,
				05D6BB02F094E70EBA843B19 /* Release */,
			);
			defaultConfigurationIsVisible = 0;
			defaultConfigurationName = Debug;
		};
		DFCEB0697318576D7AF27FEE /* Build configuration list for PBXNativeTarget "AfterlightTests" */ = {
			isa = XCConfigurationList;
			buildConfigurations = (
				749691D2A177E94945230F8E /* Debug */,
				0064E1C375FE6141920E27DC /* Release */,
			);
			defaultConfigurationIsVisible = 0;
			defaultConfigurationName = Debug;
		};
/* End XCConfigurationList section */
	};
	rootObject = FBAD6F253D2E674BE1BA2ABD /* Project object */;
}
